
Microsoft Visual Studio Solution File, Format Version 12.00
# Visual Studio 2012
Project("{FAE04EC0-301F-11D3-BF4B-00C04F79EFBC}") = "WatchTower.iOS", "WatchTower.iOS.csproj", "{55B1872C-8E58-4421-BC18-C58AA2E372A7}"
EndProject
Global
	GlobalSection(SolutionConfigurationPlatforms) = preSolution
		Debug|iPhoneSimulator = Debug|iPhoneSimulator
		Release|iPhone = Release|iPhone
		Release|iPhoneSimulator = Release|iPhoneSimulator
		Debug|iPhone = Debug|iPhone
	EndGlobalSection
	GlobalSection(ProjectConfigurationPlatforms) = postSolution
		{55B1872C-8E58-4421-BC18-C58AA2E372A7}.Debug|iPhoneSimulator.ActiveCfg = Debug|iPhoneSimulator
		{55B1872C-8E58-4421-BC18-C58AA2E372A7}.Debug|iPhoneSimulator.Build.0 = Debug|iPhoneSimulator
		{55B1872C-8E58-4421-BC18-C58AA2E372A7}.Release|iPhone.ActiveCfg = Release|iPhone
		{55B1872C-8E58-4421-BC18-C58AA2E372A7}.Release|iPhone.Build.0 = Release|iPhone
		{55B1872C-8E58-4421-BC18-C58AA2E372A7}.Release|iPhoneSimulator.ActiveCfg = Release|iPhoneSimulator
		{55B1872C-8E58-4421-BC18-C58AA2E372A7}.Release|iPhoneSimulator.Build.0 = Release|iPhoneSimulator
		{55B1872C-8E58-4421-BC18-C58AA2E372A7}.Debug|iPhone.ActiveCfg = Debug|iPhone
		{55B1872C-8E58-4421-BC18-C58AA2E372A7}.Debug|iPhone.Build.0 = Debug|iPhone
	EndGlobalSection
EndGlobal
